
Microsoft Visual Studio Solution File, Format Version 12.00
# Visual Studio 2013
VisualStudioVersion = 12.0.40629.0
MinimumVisualStudioVersion = 10.0.40219.1
Project("{FAE04EC0-301F-11D3-BF4B-00C04F79EFBC}") = "Dyna.UI", "src\DynaApp\Dyna.UI.csproj", "{523D6D0B-595F-4C35-9F6C-C8BAAC322E2E}"
EndProject
Project("{FAE04EC0-301F-11D3-BF4B-00C04F79EFBC}") = "Dyna.UI.Tests.Unit", "tests\Dyna.UI.Tests.Unit\Dyna.UI.Tests.Unit.csproj", "{05262768-6951-40B3-B1E1-DB24C41ECB05}"
EndProject
Project("{2150E333-8FDC-42A3-9474-1A3956D46DE8}") = ".nuget", ".nuget", "{96D48A07-2470-4B66-8069-513ED49E58E0}"
	ProjectSection(SolutionItems) = preProject
		.nuget\NuGet.Config = .nuget\NuGet.Config
		.nuget\NuGet.exe = .nuget\NuGet.exe
		.nuget\NuGet.targets = .nuget\NuGet.targets
	EndProjectSection
EndProject
Project("{FAE04EC0-301F-11D3-BF4B-00C04F79EFBC}") = "Dyna.Core.Tests.Integration", "tests\Dyna.Core.Tests.Integration\Dyna.Core.Tests.Integration.csproj", "{E1E117C3-891F-4727-B3B4-621EB417E3BF}"
EndProject
Project("{930C7802-8A8C-48F9-8165-68863BCCD9DD}") = "Dyna.UI.Wix", "installer\Dyna.UI.Wix\Dyna.UI.Wix.wixproj", "{A2337AC6-B32E-4D7E-A6D6-157415BEB0CC}"
EndProject
Project("{FAE04EC0-301F-11D3-BF4B-00C04F79EFBC}") = "Dyna.Core", "src\Dyna.Core\Dyna.Core.csproj", "{BDFDA6E8-2BB7-425E-AF10-47BCD2CC3DBC}"
EndProject
Project("{FAE04EC0-301F-11D3-BF4B-00C04F79EFBC}") = "Dyna.Core.Tests.Unit", "tests\Dyna.Core.Tests.Unit\Dyna.Core.Tests.Unit.csproj", "{B8A6ABDC-586B-434E-A9EE-2B922F8F6237}"
EndProject
Global
	GlobalSection(SolutionConfigurationPlatforms) = preSolution
		Debug|Any CPU = Debug|Any CPU
		Debug|Mixed Platforms = Debug|Mixed Platforms
		Debug|x86 = Debug|x86
		Release|Any CPU = Release|Any CPU
		Release|Mixed Platforms = Release|Mixed Platforms
		Release|x86 = Release|x86
	EndGlobalSection
	GlobalSection(ProjectConfigurationPlatforms) = postSolution
		{523D6D0B-595F-4C35-9F6C-C8BAAC322E2E}.Debug|Any CPU.ActiveCfg = Debug|Any CPU
		{523D6D0B-595F-4C35-9F6C-C8BAAC322E2E}.Debug|Any CPU.Build.0 = Debug|Any CPU
		{523D6D0B-595F-4C35-9F6C-C8BAAC322E2E}.Debug|Mixed Platforms.ActiveCfg = Debug|x86
		{523D6D0B-595F-4C35-9F6C-C8BAAC322E2E}.Debug|Mixed Platforms.Build.0 = Debug|x86
		{523D6D0B-595F-4C35-9F6C-C8BAAC322E2E}.Debug|x86.ActiveCfg = Debug|x86
		{523D6D0B-595F-4C35-9F6C-C8BAAC322E2E}.Debug|x86.Build.0 = Debug|x86
		{523D6D0B-595F-4C35-9F6C-C8BAAC322E2E}.Release|Any CPU.ActiveCfg = Release|Any CPU
		{523D6D0B-595F-4C35-9F6C-C8BAAC322E2E}.Release|Any CPU.Build.0 = Release|Any CPU
		{523D6D0B-595F-4C35-9F6C-C8BAAC322E2E}.Release|Mixed Platforms.ActiveCfg = Release|x86
		{523D6D0B-595F-4C35-9F6C-C8BAAC322E2E}.Release|Mixed Platforms.Build.0 = Release|x86
		{523D6D0B-595F-4C35-9F6C-C8BAAC322E2E}.Release|x86.ActiveCfg = Release|x86
		{523D6D0B-595F-4C35-9F6C-C8BAAC322E2E}.Release|x86.Build.0 = Release|x86
		{05262768-6951-40B3-B1E1-DB24C41ECB05}.Debug|Any CPU.ActiveCfg = Debug|Any CPU
		{05262768-6951-40B3-B1E1-DB24C41ECB05}.Debug|Any CPU.Build.0 = Debug|Any CPU
		{05262768-6951-40B3-B1E1-DB24C41ECB05}.Debug|Mixed Platforms.ActiveCfg = Debug|x86
		{05262768-6951-40B3-B1E1-DB24C41ECB05}.Debug|Mixed Platforms.Build.0 = Debug|x86
		{05262768-6951-40B3-B1E1-DB24C41ECB05}.Debug|x86.ActiveCfg = Debug|x86
		{05262768-6951-40B3-B1E1-DB24C41ECB05}.Debug|x86.Build.0 = Debug|x86
		{05262768-6951-40B3-B1E1-DB24C41ECB05}.Release|Any CPU.ActiveCfg = Release|Any CPU
		{05262768-6951-40B3-B1E1-DB24C41ECB05}.Release|Any CPU.Build.0 = Release|Any CPU
		{05262768-6951-40B3-B1E1-DB24C41ECB05}.Release|Mixed Platforms.ActiveCfg = Release|x86
		{05262768-6951-40B3-B1E1-DB24C41ECB05}.Release|Mixed Platforms.Build.0 = Release|x86
		{05262768-6951-40B3-B1E1-DB24C41ECB05}.Release|x86.ActiveCfg = Release|x86
		{05262768-6951-40B3-B1E1-DB24C41ECB05}.Release|x86.Build.0 = Release|x86
		{E1E117C3-891F-4727-B3B4-621EB417E3BF}.Debug|Any CPU.ActiveCfg = Debug|Any CPU
		{E1E117C3-891F-4727-B3B4-621EB417E3BF}.Debug|Any CPU.Build.0 = Debug|Any CPU
		{E1E117C3-891F-4727-B3B4-621EB417E3BF}.Debug|Mixed Platforms.ActiveCfg = Debug|x86
		{E1E117C3-891F-4727-B3B4-621EB417E3BF}.Debug|Mixed Platforms.Build.0 = Debug|x86
		{E1E117C3-891F-4727-B3B4-621EB417E3BF}.Debug|x86.ActiveCfg = Debug|x86
		{E1E117C3-891F-4727-B3B4-621EB417E3BF}.Debug|x86.Build.0 = Debug|x86
		{E1E117C3-891F-4727-B3B4-621EB417E3BF}.Release|Any CPU.ActiveCfg = Release|Any CPU
		{E1E117C3-891F-4727-B3B4-621EB417E3BF}.Release|Any CPU.Build.0 = Release|Any CPU
		{E1E117C3-891F-4727-B3B4-621EB417E3BF}.Release|Mixed Platforms.ActiveCfg = Release|Any CPU
		{E1E117C3-891F-4727-B3B4-621EB417E3BF}.Release|Mixed Platforms.Build.0 = Release|Any CPU
		{E1E117C3-891F-4727-B3B4-621EB417E3BF}.Release|x86.ActiveCfg = Release|x86
		{E1E117C3-891F-4727-B3B4-621EB417E3BF}.Release|x86.Build.0 = Release|x86
		{A2337AC6-B32E-4D7E-A6D6-157415BEB0CC}.Debug|Any CPU.ActiveCfg = Debug|x86
		{A2337AC6-B32E-4D7E-A6D6-157415BEB0CC}.Debug|Mixed Platforms.ActiveCfg = Debug|x86
		{A2337AC6-B32E-4D7E-A6D6-157415BEB0CC}.Debug|Mixed Platforms.Build.0 = Debug|x86
		{A2337AC6-B32E-4D7E-A6D6-157415BEB0CC}.Debug|x86.ActiveCfg = Debug|x86
		{A2337AC6-B32E-4D7E-A6D6-157415BEB0CC}.Debug|x86.Build.0 = Debug|x86
		{A2337AC6-B32E-4D7E-A6D6-157415BEB0CC}.Release|Any CPU.ActiveCfg = Release|x86
		{A2337AC6-B32E-4D7E-A6D6-157415BEB0CC}.Release|Mixed Platforms.ActiveCfg = Release|x86
		{A2337AC6-B32E-4D7E-A6D6-157415BEB0CC}.Release|Mixed Platforms.Build.0 = Release|x86
		{A2337AC6-B32E-4D7E-A6D6-157415BEB0CC}.Release|x86.ActiveCfg = Release|x86
		{A2337AC6-B32E-4D7E-A6D6-157415BEB0CC}.Release|x86.Build.0 = Release|x86
		{BDFDA6E8-2BB7-425E-AF10-47BCD2CC3DBC}.Debug|Any CPU.ActiveCfg = Debug|Any CPU
		{BDFDA6E8-2BB7-425E-AF10-47BCD2CC3DBC}.Debug|Any CPU.Build.0 = Debug|Any CPU
		{BDFDA6E8-2BB7-425E-AF10-47BCD2CC3DBC}.Debug|Mixed Platforms.ActiveCfg = Debug|Any CPU
		{BDFDA6E8-2BB7-425E-AF10-47BCD2CC3DBC}.Debug|Mixed Platforms.Build.0 = Debug|Any CPU
		{BDFDA6E8-2BB7-425E-AF10-47BCD2CC3DBC}.Debug|x86.ActiveCfg = Debug|x86
		{BDFDA6E8-2BB7-425E-AF10-47BCD2CC3DBC}.Debug|x86.Build.0 = Debug|x86
		{BDFDA6E8-2BB7-425E-AF10-47BCD2CC3DBC}.Release|Any CPU.ActiveCfg = Release|Any CPU
		{BDFDA6E8-2BB7-425E-AF10-47BCD2CC3DBC}.Release|Any CPU.Build.0 = Release|Any CPU
		{BDFDA6E8-2BB7-425E-AF10-47BCD2CC3DBC}.Release|Mixed Platforms.ActiveCfg = Release|Any CPU
		{BDFDA6E8-2BB7-425E-AF10-47BCD2CC3DBC}.Release|Mixed Platforms.Build.0 = Release|Any CPU
		{BDFDA6E8-2BB7-425E-AF10-47BCD2CC3DBC}.Release|x86.ActiveCfg = Release|x86
		{BDFDA6E8-2BB7-425E-AF10-47BCD2CC3DBC}.Release|x86.Build.0 = Release|x86
		{B8A6ABDC-586B-434E-A9EE-2B922F8F6237}.Debug|Any CPU.ActiveCfg = Debug|Any CPU
		{B8A6ABDC-586B-434E-A9EE-2B922F8F6237}.Debug|Any CPU.Build.0 = Debug|Any CPU
		{B8A6ABDC-586B-434E-A9EE-2B922F8F6237}.Debug|Mixed Platforms.ActiveCfg = Debug|Any CPU
		{B8A6ABDC-586B-434E-A9EE-2B922F8F6237}.Debug|Mixed Platforms.Build.0 = Debug|Any CPU
		{B8A6ABDC-586B-434E-A9EE-2B922F8F6237}.Debug|x86.ActiveCfg = Debug|x86
		{B8A6ABDC-586B-434E-A9EE-2B922F8F6237}.Debug|x86.Build.0 = Debug|x86
		{B8A6ABDC-586B-434E-A9EE-2B922F8F6237}.Release|Any CPU.ActiveCfg = Release|Any CPU
		{B8A6ABDC-586B-434E-A9EE-2B922F8F6237}.Release|Any CPU.Build.0 = Release|Any CPU
		{B8A6ABDC-586B-434E-A9EE-2B922F8F6237}.Release|Mixed Platforms.ActiveCfg = Release|Any CPU
		{B8A6ABDC-586B-434E-A9EE-2B922F8F6237}.Release|Mixed Platforms.Build.0 = Release|Any CPU
		{B8A6ABDC-586B-434E-A9EE-2B922F8F6237}.Release|x86.ActiveCfg = Release|x86
		{B8A6ABDC-586B-434E-A9EE-2B922F8F6237}.Release|x86.Build.0 = Release|x86
	EndGlobalSection
	GlobalSection(SolutionProperties) = preSolution
		HideSolutionNode = FALSE
	EndGlobalSection
EndGlobal
